# baselines/rhel6/deps.lock
# Pinned host-side downloads staged into the guest by provision.sh.
# Format: <sha256>  <filename>  <url>
# Fetched and verified on the host by fetch-image.sh, then copied in with
# scp. The guest's Python 3.12 is built without the ssl module (CentOS 6
# ships OpenSSL 1.0.1e; 3.12 needs 1.1.1), so pip runs offline against
# this wheelhouse. Every wheel is pure Python (py3-none-any); PyYAML is an
# sdist built in the guest without the libyaml C extension.
d4d2ba83301b215857d3b6590cd4434a414fa151c5807693abe587bd6c03581e  cmake-3.25.3-linux-x86_64.tar.gz  https://github.com/Kitware/CMake/releases/download/v3.25.3/cmake-3.25.3-linux-x86_64.tar.gz
c2c4321961fab0fb999d66e0cecf521c2ab3994c7992873ea99e306c1094fd5a  Python-3.12.15.tar.xz  https://www.python.org/ftp/python/3.12.15/Python-3.12.15.tar.xz
d76623373421df22fb4cf8817020cbb7ef15c725b9d5e45f17e189bfc384190f  wheelhouse/pyyaml-6.0.3.tar.gz  https://files.pythonhosted.org/packages/05/8e/961c0007c59b8dd7729d542c61a4d537767a59645b82a0b521206e1e25c2/pyyaml-6.0.3.tar.gz
9b24b5c8cd536946b62086fcafee6d5509d3f549f72d553d2336af87ffbe0da1  wheelhouse/cython-3.3.0-py3-none-any.whl  https://files.pythonhosted.org/packages/bf/77/67b0b24e45073a699610e50f00c18474ff9b09ea29ecc95083bdf5e60acd/cython-3.3.0-py3-none-any.whl
f631c04d2c48c52b84d0d0549c99ff3859c98df65b3101406327ecc7d53fbf12  wheelhouse/iniconfig-2.3.0-py3-none-any.whl  https://files.pythonhosted.org/packages/cb/b1/3846dd7f199d53cb17f49cba7e651e9ce294d8497c8c150530ed11865bb8/iniconfig-2.3.0-py3-none-any.whl
d7193f7c8e4e93f444fde0262bf90af30e16fa0ad0ad44cb553c87339b23cd1c  wheelhouse/packaging-26.3-py3-none-any.whl  https://files.pythonhosted.org/packages/63/34/ba1c580383c9eada3711951fef0795c80b829a078d72188184bcab9dd527/packaging-26.3-py3-none-any.whl
e920276dd6813095e9377c0bc5566d94c932c33b27a3e3945d8389c374dd4746  wheelhouse/pluggy-1.6.0-py3-none-any.whl  https://files.pythonhosted.org/packages/54/20/4d324d65cc6d9205fabedc306948156824eb9f0ee1633355a8f7ec5c66bf/pluggy-1.6.0-py3-none-any.whl
2363c69b61c4a97c838da3b130dcd6468f4848992b21a82f2a63ec34377137d9  wheelhouse/pygments-2.21.0-py3-none-any.whl  https://files.pythonhosted.org/packages/71/46/17f022dd3e953bf20a04a028a21ec746d942f8d2af30fa0f124fa0e6a684/pygments-2.21.0-py3-none-any.whl
37a86b45efb9a47a61a36449063e8e18d0cab3161329fc099eb21783169c4f0c  wheelhouse/pytest-9.1.1-py3-none-any.whl  https://files.pythonhosted.org/packages/24/25/1de2678b631f5a49215c6c96fff41ba892b0a34df68d6d80292b1b48aa7f/pytest-9.1.1-py3-none-any.whl
51a52592b3b99e102b609654876bd65f19f999935166d1352678931132b0c670  wheelhouse/setuptools-84.0.0-py3-none-any.whl  https://files.pythonhosted.org/packages/95/9c/c510029fc6ef33a6275cd2c5d3cecd6613dfd6aa401d57c54f1c18852ccf/setuptools-84.0.0-py3-none-any.whl
3217dcc807155e45db462d7ef2431f5ddda0d7273b700d05a67b271ceb1287ab  wheelhouse/wheel-0.48.0-py3-none-any.whl  https://files.pythonhosted.org/packages/2e/29/69cfbb602cd91690c55d38ba9fe53e6a7e76a6fa647bf38f19c138d25449/wheel-0.48.0-py3-none-any.whl
